
Microsoft Visual Studio Solution File, Format Version 11.00
# Visual Studio 2010
Project("{FAE04EC0-301F-11D3-BF4B-00C04F79EFBC}") = "HotelCreate", "HotelCreate.csproj", "{4BD10182-2AF0-4BF3-9024-69981CB79707}"
EndProject
Global
	GlobalSection(SolutionConfigurationPlatforms) = preSolution
		Debug|Any CPU = Debug|Any CPU
		Release|Any CPU = Release|Any CPU
	EndGlobalSection
	GlobalSection(ProjectConfigurationPlatforms) = postSolution
		{4BD10182-2AF0-4BF3-9024-69981CB79707}.Debug|Any CPU.ActiveCfg = Debug|Any CPU
		{4BD10182-2AF0-4BF3-9024-69981CB79707}.Debug|Any CPU.Build.0 = Debug|Any CPU
		{4BD10182-2AF0-4BF3-9024-69981CB79707}.Release|Any CPU.ActiveCfg = Release|Any CPU
		{4BD10182-2AF0-4BF3-9024-69981CB79707}.Release|Any CPU.Build.0 = Release|Any CPU
	EndGlobalSection
	GlobalSection(SolutionProperties) = preSolution
		HideSolutionNode = FALSE
	EndGlobalSection
EndGlobal
