
Microsoft Visual Studio Solution File, Format Version 11.00
# Visual Studio 2010
Project("{FAE04EC0-301F-11D3-BF4B-00C04F79EFBC}") = "EmailStrings", "EmailStrings.csproj", "{326FF807-ACBB-4215-80BA-4878BCE4444C}"
EndProject
Global
	GlobalSection(SolutionConfigurationPlatforms) = preSolution
		Debug|Any CPU = Debug|Any CPU
		Release|Any CPU = Release|Any CPU
	EndGlobalSection
	GlobalSection(ProjectConfigurationPlatforms) = postSolution
		{326FF807-ACBB-4215-80BA-4878BCE4444C}.Debug|Any CPU.ActiveCfg = Debug|Any CPU
		{326FF807-ACBB-4215-80BA-4878BCE4444C}.Debug|Any CPU.Build.0 = Debug|Any CPU
		{326FF807-ACBB-4215-80BA-4878BCE4444C}.Release|Any CPU.ActiveCfg = Release|Any CPU
		{326FF807-ACBB-4215-80BA-4878BCE4444C}.Release|Any CPU.Build.0 = Release|Any CPU
	EndGlobalSection
	GlobalSection(SolutionProperties) = preSolution
		HideSolutionNode = FALSE
	EndGlobalSection
EndGlobal
