
Microsoft Visual Studio Solution File, Format Version 11.00
# Visual Studio 2010
Project("{FAE04EC0-301F-11D3-BF4B-00C04F79EFBC}") = "PolyAccount", "PolyAccount.csproj", "{23883598-DDEA-4FC6-9247-F720C2E455DB}"
EndProject
Global
	GlobalSection(SolutionConfigurationPlatforms) = preSolution
		Debug|Any CPU = Debug|Any CPU
		Release|Any CPU = Release|Any CPU
	EndGlobalSection
	GlobalSection(ProjectConfigurationPlatforms) = postSolution
		{23883598-DDEA-4FC6-9247-F720C2E455DB}.Debug|Any CPU.ActiveCfg = Debug|Any CPU
		{23883598-DDEA-4FC6-9247-F720C2E455DB}.Debug|Any CPU.Build.0 = Debug|Any CPU
		{23883598-DDEA-4FC6-9247-F720C2E455DB}.Release|Any CPU.ActiveCfg = Release|Any CPU
		{23883598-DDEA-4FC6-9247-F720C2E455DB}.Release|Any CPU.Build.0 = Release|Any CPU
	EndGlobalSection
	GlobalSection(SolutionProperties) = preSolution
		HideSolutionNode = FALSE
	EndGlobalSection
EndGlobal
