
Microsoft Visual Studio Solution File, Format Version 11.00
# Visual Studio 2010
Project("{FAE04EC0-301F-11D3-BF4B-00C04F79EFBC}") = "CharCode", "CharCode.csproj", "{CF287309-5417-4A34-8373-F90D019751AA}"
EndProject
Global
	GlobalSection(SolutionConfigurationPlatforms) = preSolution
		Debug|Any CPU = Debug|Any CPU
		Release|Any CPU = Release|Any CPU
	EndGlobalSection
	GlobalSection(ProjectConfigurationPlatforms) = postSolution
		{CF287309-5417-4A34-8373-F90D019751AA}.Debug|Any CPU.ActiveCfg = Debug|Any CPU
		{CF287309-5417-4A34-8373-F90D019751AA}.Debug|Any CPU.Build.0 = Debug|Any CPU
		{CF287309-5417-4A34-8373-F90D019751AA}.Release|Any CPU.ActiveCfg = Release|Any CPU
		{CF287309-5417-4A34-8373-F90D019751AA}.Release|Any CPU.Build.0 = Release|Any CPU
	EndGlobalSection
	GlobalSection(SolutionProperties) = preSolution
		HideSolutionNode = FALSE
	EndGlobalSection
EndGlobal
