
Microsoft Visual Studio Solution File, Format Version 11.00
# Visual Studio 2010
Project("{FAE04EC0-301F-11D3-BF4B-00C04F79EFBC}") = "AnonymousMethod", "AnonymousMethod.csproj", "{D9077599-BBA8-440E-861B-4C473400AA66}"
EndProject
Global
	GlobalSection(SolutionConfigurationPlatforms) = preSolution
		Debug|Any CPU = Debug|Any CPU
		Release|Any CPU = Release|Any CPU
	EndGlobalSection
	GlobalSection(ProjectConfigurationPlatforms) = postSolution
		{D9077599-BBA8-440E-861B-4C473400AA66}.Debug|Any CPU.ActiveCfg = Debug|Any CPU
		{D9077599-BBA8-440E-861B-4C473400AA66}.Debug|Any CPU.Build.0 = Debug|Any CPU
		{D9077599-BBA8-440E-861B-4C473400AA66}.Release|Any CPU.ActiveCfg = Release|Any CPU
		{D9077599-BBA8-440E-861B-4C473400AA66}.Release|Any CPU.Build.0 = Release|Any CPU
	EndGlobalSection
	GlobalSection(SolutionProperties) = preSolution
		HideSolutionNode = FALSE
	EndGlobalSection
EndGlobal
