
Microsoft Visual Studio Solution File, Format Version 11.00
# Visual Studio 2010
Project("{FAE04EC0-301F-11D3-BF4B-00C04F79EFBC}") = "StringSplit", "StringSplit.csproj", "{69A898FB-1551-4EFD-8169-C087F7AAFFA8}"
EndProject
Global
	GlobalSection(SolutionConfigurationPlatforms) = preSolution
		Debug|Any CPU = Debug|Any CPU
		Release|Any CPU = Release|Any CPU
	EndGlobalSection
	GlobalSection(ProjectConfigurationPlatforms) = postSolution
		{69A898FB-1551-4EFD-8169-C087F7AAFFA8}.Debug|Any CPU.ActiveCfg = Debug|Any CPU
		{69A898FB-1551-4EFD-8169-C087F7AAFFA8}.Debug|Any CPU.Build.0 = Debug|Any CPU
		{69A898FB-1551-4EFD-8169-C087F7AAFFA8}.Release|Any CPU.ActiveCfg = Release|Any CPU
		{69A898FB-1551-4EFD-8169-C087F7AAFFA8}.Release|Any CPU.Build.0 = Release|Any CPU
	EndGlobalSection
	GlobalSection(SolutionProperties) = preSolution
		HideSolutionNode = FALSE
	EndGlobalSection
EndGlobal
