
Microsoft Visual Studio Solution File, Format Version 12.00
# Visual Studio 15
VisualStudioVersion = 15.0.26730.12
MinimumVisualStudioVersion = 10.0.40219.1
Project("{FAE04EC0-301F-11D3-BF4B-00C04F79EFBC}") = "WpfApp1", "WpfApp1\WpfApp1.csproj", "{62585D58-B128-4BAF-B056-0696EAC03DEA}"
EndProject
Global
	GlobalSection(SolutionConfigurationPlatforms) = preSolution
		Debug|Any CPU = Debug|Any CPU
		Release|Any CPU = Release|Any CPU
	EndGlobalSection
	GlobalSection(ProjectConfigurationPlatforms) = postSolution
		{62585D58-B128-4BAF-B056-0696EAC03DEA}.Debug|Any CPU.ActiveCfg = Debug|Any CPU
		{62585D58-B128-4BAF-B056-0696EAC03DEA}.Debug|Any CPU.Build.0 = Debug|Any CPU
		{62585D58-B128-4BAF-B056-0696EAC03DEA}.Release|Any CPU.ActiveCfg = Release|Any CPU
		{62585D58-B128-4BAF-B056-0696EAC03DEA}.Release|Any CPU.Build.0 = Release|Any CPU
	EndGlobalSection
	GlobalSection(SolutionProperties) = preSolution
		HideSolutionNode = FALSE
	EndGlobalSection
	GlobalSection(ExtensibilityGlobals) = postSolution
		SolutionGuid = {63956A3A-F9C8-4B84-AB6C-A573CDE44FCA}
	EndGlobalSection
EndGlobal
