
Microsoft Visual Studio Solution File, Format Version 11.00
# Visual Studio 2010
Project("{FAE04EC0-301F-11D3-BF4B-00C04F79EFBC}") = "HotelToString", "HotelToString.csproj", "{0581EC4E-7C5C-4B51-8C29-0ECAD80E8169}"
EndProject
Global
	GlobalSection(SolutionConfigurationPlatforms) = preSolution
		Debug|Any CPU = Debug|Any CPU
		Release|Any CPU = Release|Any CPU
	EndGlobalSection
	GlobalSection(ProjectConfigurationPlatforms) = postSolution
		{0581EC4E-7C5C-4B51-8C29-0ECAD80E8169}.Debug|Any CPU.ActiveCfg = Debug|Any CPU
		{0581EC4E-7C5C-4B51-8C29-0ECAD80E8169}.Debug|Any CPU.Build.0 = Debug|Any CPU
		{0581EC4E-7C5C-4B51-8C29-0ECAD80E8169}.Release|Any CPU.ActiveCfg = Release|Any CPU
		{0581EC4E-7C5C-4B51-8C29-0ECAD80E8169}.Release|Any CPU.Build.0 = Release|Any CPU
	EndGlobalSection
	GlobalSection(SolutionProperties) = preSolution
		HideSolutionNode = FALSE
	EndGlobalSection
EndGlobal
